<Solution>
  <Folder Name="/Application/">
    <Project Path="Application.Repositories/Application.Repositories.csproj" />
  </Folder>
  <Folder Name="/Domain/">
    <Project Path="Domain.Models/Domain.Models.csproj" />
  </Folder>
  <Folder Name="/Infrastructure/">
    <Project Path="Infrastructure.Repositories/Infrastructure.Repositories.csproj" />
  </Folder>
  <Folder Name="/Presentation/">
    <Project Path="Presentation/Presentation.csproj" />
  </Folder>
  <Folder Name="/Solution Items/">
    <File Path="docker-compose-local.yml" />
    <File Path="docker-compose.yml" />
  </Folder>
</Solution>
